
Microsoft Visual Studio Solution File, Format Version 12.00
# Visual Studio 15
VisualStudioVersion = 15.0.28010.2041
MinimumVisualStudioVersion = 10.0.40219.1
Project("{FAE04EC0-301F-11D3-BF4B-00C04F79EFBC}") = "Create Object", "Create Object\Create Object.csproj", "{5C3DC6AB-9118-418B-91DF-1F398CB6E85C}"
EndProject
Global
	GlobalSection(SolutionConfigurationPlatforms) = preSolution
		Debug|Any CPU = Debug|Any CPU
		Release|Any CPU = Release|Any CPU
	EndGlobalSection
	GlobalSection(ProjectConfigurationPlatforms) = postSolution
		{5C3DC6AB-9118-418B-91DF-1F398CB6E85C}.Debug|Any CPU.ActiveCfg = Debug|Any CPU
		{5C3DC6AB-9118-418B-91DF-1F398CB6E85C}.Debug|Any CPU.Build.0 = Debug|Any CPU
		{5C3DC6AB-9118-418B-91DF-1F398CB6E85C}.Release|Any CPU.ActiveCfg = Release|Any CPU
		{5C3DC6AB-9118-418B-91DF-1F398CB6E85C}.Release|Any CPU.Build.0 = Release|Any CPU
	EndGlobalSection
	GlobalSection(SolutionProperties) = preSolution
		HideSolutionNode = FALSE
	EndGlobalSection
	GlobalSection(ExtensibilityGlobals) = postSolution
		SolutionGuid = {B5EEB062-F84D-4DDC-8BE6-9A8B59C7CD9D}
	EndGlobalSection
EndGlobal
