
Microsoft Visual Studio Solution File, Format Version 12.00
# Visual Studio 15
VisualStudioVersion = 15.0.28010.2041
MinimumVisualStudioVersion = 10.0.40219.1
Project("{FAE04EC0-301F-11D3-BF4B-00C04F79EFBC}") = "Sorted List", "Sorted List\Sorted List.csproj", "{A0BD59D7-EEB0-470A-802A-013EFC3780B3}"
EndProject
Global
	GlobalSection(SolutionConfigurationPlatforms) = preSolution
		Debug|Any CPU = Debug|Any CPU
		Release|Any CPU = Release|Any CPU
	EndGlobalSection
	GlobalSection(ProjectConfigurationPlatforms) = postSolution
		{A0BD59D7-EEB0-470A-802A-013EFC3780B3}.Debug|Any CPU.ActiveCfg = Debug|Any CPU
		{A0BD59D7-EEB0-470A-802A-013EFC3780B3}.Debug|Any CPU.Build.0 = Debug|Any CPU
		{A0BD59D7-EEB0-470A-802A-013EFC3780B3}.Release|Any CPU.ActiveCfg = Release|Any CPU
		{A0BD59D7-EEB0-470A-802A-013EFC3780B3}.Release|Any CPU.Build.0 = Release|Any CPU
	EndGlobalSection
	GlobalSection(SolutionProperties) = preSolution
		HideSolutionNode = FALSE
	EndGlobalSection
	GlobalSection(ExtensibilityGlobals) = postSolution
		SolutionGuid = {2AD53624-5F34-4936-ADD8-5B46C298C6E6}
	EndGlobalSection
EndGlobal
