
Microsoft Visual Studio Solution File, Format Version 12.00
# Visual Studio 15
VisualStudioVersion = 15.0.28010.2041
MinimumVisualStudioVersion = 10.0.40219.1
Project("{FAE04EC0-301F-11D3-BF4B-00C04F79EFBC}") = "Reflection Example", "Reflection Example\Reflection Example.csproj", "{FE275794-436D-45F4-A71C-542A1D2834F5}"
EndProject
Global
	GlobalSection(SolutionConfigurationPlatforms) = preSolution
		Debug|Any CPU = Debug|Any CPU
		Release|Any CPU = Release|Any CPU
	EndGlobalSection
	GlobalSection(ProjectConfigurationPlatforms) = postSolution
		{FE275794-436D-45F4-A71C-542A1D2834F5}.Debug|Any CPU.ActiveCfg = Debug|Any CPU
		{FE275794-436D-45F4-A71C-542A1D2834F5}.Debug|Any CPU.Build.0 = Debug|Any CPU
		{FE275794-436D-45F4-A71C-542A1D2834F5}.Release|Any CPU.ActiveCfg = Release|Any CPU
		{FE275794-436D-45F4-A71C-542A1D2834F5}.Release|Any CPU.Build.0 = Release|Any CPU
	EndGlobalSection
	GlobalSection(SolutionProperties) = preSolution
		HideSolutionNode = FALSE
	EndGlobalSection
	GlobalSection(ExtensibilityGlobals) = postSolution
		SolutionGuid = {E4955141-05EF-48D5-B8D7-403C0C166DCD}
	EndGlobalSection
EndGlobal
