
Microsoft Visual Studio Solution File, Format Version 12.00
# Visual Studio Version 16
VisualStudioVersion = 16.0.30907.101
MinimumVisualStudioVersion = 10.0.40219.1
Project("{FAE04EC0-301F-11D3-BF4B-00C04F79EFBC}") = "SwapString", "SwapString.csproj", "{DEDF672C-B6B5-48B8-832B-1AEE51FE4D26}"
EndProject
Global
	GlobalSection(SolutionConfigurationPlatforms) = preSolution
		Debug|Any CPU = Debug|Any CPU
		Release|Any CPU = Release|Any CPU
	EndGlobalSection
	GlobalSection(ProjectConfigurationPlatforms) = postSolution
		{DEDF672C-B6B5-48B8-832B-1AEE51FE4D26}.Debug|Any CPU.ActiveCfg = Debug|Any CPU
		{DEDF672C-B6B5-48B8-832B-1AEE51FE4D26}.Debug|Any CPU.Build.0 = Debug|Any CPU
		{DEDF672C-B6B5-48B8-832B-1AEE51FE4D26}.Release|Any CPU.ActiveCfg = Release|Any CPU
		{DEDF672C-B6B5-48B8-832B-1AEE51FE4D26}.Release|Any CPU.Build.0 = Release|Any CPU
	EndGlobalSection
	GlobalSection(SolutionProperties) = preSolution
		HideSolutionNode = FALSE
	EndGlobalSection
	GlobalSection(ExtensibilityGlobals) = postSolution
		SolutionGuid = {36CEAD12-06D7-46CE-B6A4-F93AFD5B72E9}
	EndGlobalSection
EndGlobal
