
Microsoft Visual Studio Solution File, Format Version 12.00
# Visual Studio 14
VisualStudioVersion = 14.0.25420.1
MinimumVisualStudioVersion = 10.0.40219.1
Project("{FAE04EC0-301F-11D3-BF4B-00C04F79EFBC}") = "Async and Await", "Async and Await\Async and Await.csproj", "{AF1822D0-6332-4F2B-BA48-E0097D10D11B}"
EndProject
Global
	GlobalSection(SolutionConfigurationPlatforms) = preSolution
		Debug|Any CPU = Debug|Any CPU
		Release|Any CPU = Release|Any CPU
	EndGlobalSection
	GlobalSection(ProjectConfigurationPlatforms) = postSolution
		{AF1822D0-6332-4F2B-BA48-E0097D10D11B}.Debug|Any CPU.ActiveCfg = Debug|Any CPU
		{AF1822D0-6332-4F2B-BA48-E0097D10D11B}.Debug|Any CPU.Build.0 = Debug|Any CPU
		{AF1822D0-6332-4F2B-BA48-E0097D10D11B}.Release|Any CPU.ActiveCfg = Release|Any CPU
		{AF1822D0-6332-4F2B-BA48-E0097D10D11B}.Release|Any CPU.Build.0 = Release|Any CPU
	EndGlobalSection
	GlobalSection(SolutionProperties) = preSolution
		HideSolutionNode = FALSE
	EndGlobalSection
EndGlobal
