
Microsoft Visual Studio Solution File, Format Version 12.00
# Visual Studio 15
VisualStudioVersion = 15.0.28010.2041
MinimumVisualStudioVersion = 10.0.40219.1
Project("{FAE04EC0-301F-11D3-BF4B-00C04F79EFBC}") = "Handle Exceptions", "Handle Exceptions\Handle Exceptions.csproj", "{6824062D-7A46-481A-8BE5-83C66F91DFB6}"
EndProject
Global
	GlobalSection(SolutionConfigurationPlatforms) = preSolution
		Debug|Any CPU = Debug|Any CPU
		Release|Any CPU = Release|Any CPU
	EndGlobalSection
	GlobalSection(ProjectConfigurationPlatforms) = postSolution
		{6824062D-7A46-481A-8BE5-83C66F91DFB6}.Debug|Any CPU.ActiveCfg = Debug|Any CPU
		{6824062D-7A46-481A-8BE5-83C66F91DFB6}.Debug|Any CPU.Build.0 = Debug|Any CPU
		{6824062D-7A46-481A-8BE5-83C66F91DFB6}.Release|Any CPU.ActiveCfg = Release|Any CPU
		{6824062D-7A46-481A-8BE5-83C66F91DFB6}.Release|Any CPU.Build.0 = Release|Any CPU
	EndGlobalSection
	GlobalSection(SolutionProperties) = preSolution
		HideSolutionNode = FALSE
	EndGlobalSection
	GlobalSection(ExtensibilityGlobals) = postSolution
		SolutionGuid = {E8E7CB3F-E83C-4A3D-A22C-45D2EE050833}
	EndGlobalSection
EndGlobal
