
Microsoft Visual Studio Solution File, Format Version 12.00
# Visual Studio 15
VisualStudioVersion = 15.0.28010.2041
MinimumVisualStudioVersion = 10.0.40219.1
Project("{FAE04EC0-301F-11D3-BF4B-00C04F79EFBC}") = "new method", "new method\new method.csproj", "{224413D7-FC49-4613-82BA-EA1B079BE709}"
EndProject
Global
	GlobalSection(SolutionConfigurationPlatforms) = preSolution
		Debug|Any CPU = Debug|Any CPU
		Release|Any CPU = Release|Any CPU
	EndGlobalSection
	GlobalSection(ProjectConfigurationPlatforms) = postSolution
		{224413D7-FC49-4613-82BA-EA1B079BE709}.Debug|Any CPU.ActiveCfg = Debug|Any CPU
		{224413D7-FC49-4613-82BA-EA1B079BE709}.Debug|Any CPU.Build.0 = Debug|Any CPU
		{224413D7-FC49-4613-82BA-EA1B079BE709}.Release|Any CPU.ActiveCfg = Release|Any CPU
		{224413D7-FC49-4613-82BA-EA1B079BE709}.Release|Any CPU.Build.0 = Release|Any CPU
	EndGlobalSection
	GlobalSection(SolutionProperties) = preSolution
		HideSolutionNode = FALSE
	EndGlobalSection
	GlobalSection(ExtensibilityGlobals) = postSolution
		SolutionGuid = {F29AA299-DF3E-478C-BC6D-FAC49FC0B1B4}
	EndGlobalSection
EndGlobal
