
Microsoft Visual Studio Solution File, Format Version 12.00
# Visual Studio 15
VisualStudioVersion = 15.0.28010.2041
MinimumVisualStudioVersion = 10.0.40219.1
Project("{FAE04EC0-301F-11D3-BF4B-00C04F79EFBC}") = "Get Property using Reflection", "Get Property using Reflection\Get Property using Reflection.csproj", "{ABAF8BEF-5E05-404C-9181-40F6C0B4A72E}"
EndProject
Global
	GlobalSection(SolutionConfigurationPlatforms) = preSolution
		Debug|Any CPU = Debug|Any CPU
		Release|Any CPU = Release|Any CPU
	EndGlobalSection
	GlobalSection(ProjectConfigurationPlatforms) = postSolution
		{ABAF8BEF-5E05-404C-9181-40F6C0B4A72E}.Debug|Any CPU.ActiveCfg = Debug|Any CPU
		{ABAF8BEF-5E05-404C-9181-40F6C0B4A72E}.Debug|Any CPU.Build.0 = Debug|Any CPU
		{ABAF8BEF-5E05-404C-9181-40F6C0B4A72E}.Release|Any CPU.ActiveCfg = Release|Any CPU
		{ABAF8BEF-5E05-404C-9181-40F6C0B4A72E}.Release|Any CPU.Build.0 = Release|Any CPU
	EndGlobalSection
	GlobalSection(SolutionProperties) = preSolution
		HideSolutionNode = FALSE
	EndGlobalSection
	GlobalSection(ExtensibilityGlobals) = postSolution
		SolutionGuid = {D04DCC6C-3D78-4C32-B822-C4A370B4688F}
	EndGlobalSection
EndGlobal
