
Microsoft Visual Studio Solution File, Format Version 12.00
# Visual Studio 14
VisualStudioVersion = 14.0.25420.1
MinimumVisualStudioVersion = 10.0.40219.1
Project("{FAE04EC0-301F-11D3-BF4B-00C04F79EFBC}") = "Use View", "Use View\Use View.csproj", "{61E6EEF0-0220-41F3-B801-AB7B2FDCA1BC}"
EndProject
Global
	GlobalSection(SolutionConfigurationPlatforms) = preSolution
		Debug|Any CPU = Debug|Any CPU
		Release|Any CPU = Release|Any CPU
	EndGlobalSection
	GlobalSection(ProjectConfigurationPlatforms) = postSolution
		{61E6EEF0-0220-41F3-B801-AB7B2FDCA1BC}.Debug|Any CPU.ActiveCfg = Debug|Any CPU
		{61E6EEF0-0220-41F3-B801-AB7B2FDCA1BC}.Debug|Any CPU.Build.0 = Debug|Any CPU
		{61E6EEF0-0220-41F3-B801-AB7B2FDCA1BC}.Release|Any CPU.ActiveCfg = Release|Any CPU
		{61E6EEF0-0220-41F3-B801-AB7B2FDCA1BC}.Release|Any CPU.Build.0 = Release|Any CPU
	EndGlobalSection
	GlobalSection(SolutionProperties) = preSolution
		HideSolutionNode = FALSE
	EndGlobalSection
EndGlobal
